
Microsoft Visual Studio Solution File, Format Version 12.00
# Visual Studio Version 16
VisualStudioVersion = 16.0.30717.126
MinimumVisualStudioVersion = 10.0.40219.1
Project("{FAE04EC0-301F-11D3-BF4B-00C04F79EFBC}") = "studentDiary", "studentDiary.csproj", "{DAA5DDC9-5AA1-490A-9793-833499736855}"
EndProject
Global
	GlobalSection(SolutionConfigurationPlatforms) = preSolution
		Debug|Any CPU = Debug|Any CPU
		Release|Any CPU = Release|Any CPU
	EndGlobalSection
	GlobalSection(ProjectConfigurationPlatforms) = postSolution
		{DAA5DDC9-5AA1-490A-9793-833499736855}.Debug|Any CPU.ActiveCfg = Debug|Any CPU
		{DAA5DDC9-5AA1-490A-9793-833499736855}.Debug|Any CPU.Build.0 = Debug|Any CPU
		{DAA5DDC9-5AA1-490A-9793-833499736855}.Release|Any CPU.ActiveCfg = Release|Any CPU
		{DAA5DDC9-5AA1-490A-9793-833499736855}.Release|Any CPU.Build.0 = Release|Any CPU
	EndGlobalSection
	GlobalSection(SolutionProperties) = preSolution
		HideSolutionNode = FALSE
	EndGlobalSection
	GlobalSection(ExtensibilityGlobals) = postSolution
		SolutionGuid = {60CB08BA-06BF-4043-901E-94A865BF67D7}
	EndGlobalSection
EndGlobal
